
Microsoft Visual Studio Solution File, Format Version 12.00
# Visual Studio Version 16
VisualStudioVersion = 16.0.30204.135
MinimumVisualStudioVersion = 10.0.40219.1
Project("{FAE04EC0-301F-11D3-BF4B-00C04F79EFBC}") = "CurrencyExchange", "CurrencyExchange.csproj", "{9031C037-92C4-478E-B95E-8050DD37257B}"
EndProject
Global
	GlobalSection(SolutionConfigurationPlatforms) = preSolution
		Debug|Any CPU = Debug|Any CPU
		Release|Any CPU = Release|Any CPU
	EndGlobalSection
	GlobalSection(ProjectConfigurationPlatforms) = postSolution
		{9031C037-92C4-478E-B95E-8050DD37257B}.Debug|Any CPU.ActiveCfg = Debug|Any CPU
		{9031C037-92C4-478E-B95E-8050DD37257B}.Debug|Any CPU.Build.0 = Debug|Any CPU
		{9031C037-92C4-478E-B95E-8050DD37257B}.Release|Any CPU.ActiveCfg = Release|Any CPU
		{9031C037-92C4-478E-B95E-8050DD37257B}.Release|Any CPU.Build.0 = Release|Any CPU
	EndGlobalSection
	GlobalSection(SolutionProperties) = preSolution
		HideSolutionNode = FALSE
	EndGlobalSection
	GlobalSection(ExtensibilityGlobals) = postSolution
		SolutionGuid = {E17F600F-F2BD-4B17-BA38-EB74AF6F18D7}
	EndGlobalSection
EndGlobal
